// !$*UTF8*$!
{
	archiveVersion = 1;
	classes = {
	};
	objectVersion = 46;
	objects = {

/* Begin PBXBuildFile section */
		205BF0E7C27D17F371E8ECA7 /* NavigationBar@2x.png in Resources */ = {isa = PBXBuildFile; fileRef = 205BF27822F920643D3D1CAE /* NavigationBar@2x.png */; };
		205BF2511CF9B688CACCF97A /* ArtistService.m in Sources */ = {isa = PBXBuildFile; fileRef = 205BF047FE92B1AD020F604E /* ArtistService.m */; };
		205BF26409D96C63CBF76CD8 /* MediumService.m in Sources */ = {isa = PBXBuildFile; fileRef = 205BF88CA3B3A5869000EA76 /* MediumService.m */; };
		205BF26E12B2DCB86E04DCB0 /* Recording.m in Sources */ = {isa = PBXBuildFile; fileRef = 205BFF7641BAA9AB1482B2BB /* Recording.m */; };
		205BF310ABFDCE8BA44D7960 /* ReleaseGroup.m in Sources */ = {isa = PBXBuildFile; fileRef = 205BFA01DF0D12B12CC044C4 /* ReleaseGroup.m */; };
		205BF5C3BAD157384A8BF78F /* ReleaseGroupService.m in Sources */ = {isa = PBXBuildFile; fileRef = 205BFB46674D091DE1396403 /* ReleaseGroupService.m */; };
		205BF6B2539C3E908D5FF57D /* NavigationBar.png in Resources */ = {isa = PBXBuildFile; fileRef = 205BF6E66957A9E91B76F5E6 /* NavigationBar.png */; };
		205BF728B756DB1E87C3483F /* ReleaseService.m in Sources */ = {isa = PBXBuildFile; fileRef = 205BF6B8AE6AD8AC4A20B033 /* ReleaseService.m */; };
		205BF87DCACCECC7FFEA97B1 /* ReleaseDetailViewController.m in Sources */ = {isa = PBXBuildFile; fileRef = 205BF16721418EDCC6437A3F /* ReleaseDetailViewController.m */; };
		205BF8C5B205D960EB3BC6C1 /* Label.m in Sources */ = {isa = PBXBuildFile; fileRef = 205BF9251C39534F1C787385 /* Label.m */; };
		205BFB1167E7415A09690029 /* WorkService.m in Sources */ = {isa = PBXBuildFile; fileRef = 205BFCE406A9F14C0BCA9C95 /* WorkService.m */; };
		205BFC2FB042DB5A1D077EBE /* LabelService.m in Sources */ = {isa = PBXBuildFile; fileRef = 205BF20BDE664500F0B656C1 /* LabelService.m */; };
		205BFD1051A608647AB2AFDE /* BarcodeScanViewController.m in Sources */ = {isa = PBXBuildFile; fileRef = 205BFCC2955C4BDDE7871836 /* BarcodeScanViewController.m */; };
		205BFD12B937D11A9DF1FB95 /* Work.m in Sources */ = {isa = PBXBuildFile; fileRef = 205BF620700DB494813DA0D7 /* Work.m */; };
		205BFD921854B7EC97F76EED /* Release.m in Sources */ = {isa = PBXBuildFile; fileRef = 205BFA0472E2DDC77B55C4CC /* Release.m */; };
		205BFDB358655EA90B5BF5AF /* TrackService.m in Sources */ = {isa = PBXBuildFile; fileRef = 205BFCA08B15CF8B4CC45F7B /* TrackService.m */; };
		205BFDC25224FAE31C8EE9F1 /* Track.m in Sources */ = {isa = PBXBuildFile; fileRef = 205BFF927299966E96191FA1 /* Track.m */; };
		205BFDFAA657534CCABB7421 /* ReleaseDetailViewController.xib in Resources */ = {isa = PBXBuildFile; fileRef = 205BF2E4DA7B8653978DAB02 /* ReleaseDetailViewController.xib */; };
		205BFE313CC17C1DA4F20898 /* Medium.m in Sources */ = {isa = PBXBuildFile; fileRef = 205BF2C575D57E6D76180DEB /* Medium.m */; };
		205BFF3A05069CF6C0E9CC15 /* RecordingService.m in Sources */ = {isa = PBXBuildFile; fileRef = 205BF5B97AD65DF34CB5F225 /* RecordingService.m */; };
		6218A3D616E46E870080271B /* UIKit.framework in Frameworks */ = {isa = PBXBuildFile; fileRef = 6218A3D516E46E870080271B /* UIKit.framework */; };
		6218A3D816E46E870080271B /* Foundation.framework in Frameworks */ = {isa = PBXBuildFile; fileRef = 6218A3D716E46E870080271B /* Foundation.framework */; };
		6218A3DA16E46E870080271B /* CoreGraphics.framework in Frameworks */ = {isa = PBXBuildFile; fileRef = 6218A3D916E46E870080271B /* CoreGraphics.framework */; };
		6218A3E216E46E870080271B /* main.m in Sources */ = {isa = PBXBuildFile; fileRef = 6218A3E116E46E870080271B /* main.m */; };
		6218A41116E46F870080271B /* AppDelegate.m in Sources */ = {isa = PBXBuildFile; fileRef = 6218A40916E46F870080271B /* AppDelegate.m */; };
		6218A42D16E478170080271B /* CollectionViewController.xib in Resources */ = {isa = PBXBuildFile; fileRef = 6218A41D16E478170080271B /* CollectionViewController.xib */; };
		6218A42E16E478170080271B /* DonateViewController.xib in Resources */ = {isa = PBXBuildFile; fileRef = 6218A41F16E478170080271B /* DonateViewController.xib */; };
		6218A42F16E478170080271B /* InfoPlist.strings in Resources */ = {isa = PBXBuildFile; fileRef = 6218A42116E478170080271B /* InfoPlist.strings */; };
		6218A43016E478170080271B /* SearchViewController.xib in Resources */ = {isa = PBXBuildFile; fileRef = 6218A42316E478170080271B /* SearchViewController.xib */; };
		6218A43116E478170080271B /* Default-568h@2x.png in Resources */ = {isa = PBXBuildFile; fileRef = 6218A42616E478170080271B /* Default-568h@2x.png */; };
		6218A43216E478170080271B /* Default.png in Resources */ = {isa = PBXBuildFile; fileRef = 6218A42716E478170080271B /* Default.png */; };
		6218A43316E478170080271B /* Default@2x.png in Resources */ = {isa = PBXBuildFile; fileRef = 6218A42816E478170080271B /* Default@2x.png */; };
		6218A44416E47B030080271B /* CollectionViewController.m in Sources */ = {isa = PBXBuildFile; fileRef = 6218A44116E47B010080271B /* CollectionViewController.m */; };
		6218A44516E47B030080271B /* DonateViewController.m in Sources */ = {isa = PBXBuildFile; fileRef = 6218A44216E47B020080271B /* DonateViewController.m */; };
		6218A44616E47B030080271B /* SearchViewController.m in Sources */ = {isa = PBXBuildFile; fileRef = 6218A44316E47B020080271B /* SearchViewController.m */; };
		6218A45316E47DA60080271B /* credit_card.png in Resources */ = {isa = PBXBuildFile; fileRef = 6218A44716E47DA60080271B /* credit_card.png */; };
		6218A45416E47DA60080271B /* credit_card@2x.png in Resources */ = {isa = PBXBuildFile; fileRef = 6218A44816E47DA60080271B /* credit_card@2x.png */; };
		6218A45616E47DA60080271B /* info.png in Resources */ = {isa = PBXBuildFile; fileRef = 6218A44A16E47DA60080271B /* info.png */; };
		6218A45716E47DA60080271B /* info@2x.png in Resources */ = {isa = PBXBuildFile; fileRef = 6218A44B16E47DA60080271B /* info@2x.png */; };
		6218A45916E47DA60080271B /* magnifier.png in Resources */ = {isa = PBXBuildFile; fileRef = 6218A44D16E47DA60080271B /* magnifier.png */; };
		6218A45A16E47DA60080271B /* magnifier@2x.png in Resources */ = {isa = PBXBuildFile; fileRef = 6218A44E16E47DA60080271B /* magnifier@2x.png */; };
		6218A45C16E47DA60080271B /* plus.png in Resources */ = {isa = PBXBuildFile; fileRef = 6218A45016E47DA60080271B /* plus.png */; };
		6218A45D16E47DA60080271B /* plus@2x.png in Resources */ = {isa = PBXBuildFile; fileRef = 6218A45116E47DA60080271B /* plus@2x.png */; };
		6218A47716E485D50080271B /* NSAlert+MKNetworkKitAdditions.m in Sources */ = {isa = PBXBuildFile; fileRef = 6218A46216E485D50080271B /* NSAlert+MKNetworkKitAdditions.m */; };
		6218A47816E485D50080271B /* NSData+MKBase64.m in Sources */ = {isa = PBXBuildFile; fileRef = 6218A46416E485D50080271B /* NSData+MKBase64.m */; };
		6218A47916E485D50080271B /* NSDate+RFC1123.m in Sources */ = {isa = PBXBuildFile; fileRef = 6218A46616E485D50080271B /* NSDate+RFC1123.m */; };
		6218A47A16E485D50080271B /* NSDictionary+RequestEncoding.m in Sources */ = {isa = PBXBuildFile; fileRef = 6218A46816E485D50080271B /* NSDictionary+RequestEncoding.m */; };
		6218A47B16E485D50080271B /* NSString+MKNetworkKitAdditions.m in Sources */ = {isa = PBXBuildFile; fileRef = 6218A46A16E485D50080271B /* NSString+MKNetworkKitAdditions.m */; };
		6218A47C16E485D50080271B /* UIAlertView+MKNetworkKitAdditions.m in Sources */ = {isa = PBXBuildFile; fileRef = 6218A46C16E485D50080271B /* UIAlertView+MKNetworkKitAdditions.m */; };
		6218A47E16E485D50080271B /* MKNetworkEngine.m in Sources */ = {isa = PBXBuildFile; fileRef = 6218A47016E485D50080271B /* MKNetworkEngine.m */; };
		6218A47F16E485D50080271B /* MKNetworkOperation.m in Sources */ = {isa = PBXBuildFile; fileRef = 6218A47316E485D50080271B /* MKNetworkOperation.m */; };
		6218A48016E485D50080271B /* Reachability.m in Sources */ = {isa = PBXBuildFile; fileRef = 6218A47616E485D50080271B /* Reachability.m */; };
		6218A48416E485F80080271B /* MBProgressHUD.m in Sources */ = {isa = PBXBuildFile; fileRef = 6218A48316E485F80080271B /* MBProgressHUD.m */; };
		6218A48716E486490080271B /* BasicService.m in Sources */ = {isa = PBXBuildFile; fileRef = 6218A48616E486490080271B /* BasicService.m */; };
		6218A4EF16E6192B0080271B /* SearchService.m in Sources */ = {isa = PBXBuildFile; fileRef = 6218A4EE16E6192B0080271B /* SearchService.m */; };
		6218A4F616E64A6D0080271B /* CFNetwork.framework in Frameworks */ = {isa = PBXBuildFile; fileRef = 6218A4F516E64A6D0080271B /* CFNetwork.framework */; };
		6218A4F816E64A720080271B /* Security.framework in Frameworks */ = {isa = PBXBuildFile; fileRef = 6218A4F716E64A720080271B /* Security.framework */; };
		6218A4FA16E64A790080271B /* SystemConfiguration.framework in Frameworks */ = {isa = PBXBuildFile; fileRef = 6218A4F916E64A790080271B /* SystemConfiguration.framework */; };
		6218A50116E680880080271B /* ArtistDetailViewController.m in Sources */ = {isa = PBXBuildFile; fileRef = 6218A50016E680880080271B /* ArtistDetailViewController.m */; };
		6218A50416E6809E0080271B /* ArtistDetailViewController.xib in Resources */ = {isa = PBXBuildFile; fileRef = 6218A50216E6809E0080271B /* ArtistDetailViewController.xib */; };
		6218A50816E71BE60080271B /* SearchQueryTextCell.m in Sources */ = {isa = PBXBuildFile; fileRef = 6218A50716E71BE60080271B /* SearchQueryTextCell.m */; };
		6218A50C16E71C5E0080271B /* SearchQueryTextCell.xib in Resources */ = {isa = PBXBuildFile; fileRef = 6218A50B16E71C5E0080271B /* SearchQueryTextCell.xib */; };
		6218A50F16E726340080271B /* Localizable.strings in Resources */ = {isa = PBXBuildFile; fileRef = 6218A50D16E726340080271B /* Localizable.strings */; };
		62C5444D16ECF98A000BEFD5 /* Artist.m in Sources */ = {isa = PBXBuildFile; fileRef = 62C5444C16ECF98A000BEFD5 /* Artist.m */; };
/* End PBXBuildFile section */

/* Begin PBXFileReference section */
		205BF047FE92B1AD020F604E /* ArtistService.m */ = {isa = PBXFileReference; fileEncoding = 4; lastKnownFileType = sourcecode.c.objc; path = ArtistService.m; sourceTree = "<group>"; };
		205BF083209494E7CCCC0246 /* Label.h */ = {isa = PBXFileReference; fileEncoding = 4; lastKnownFileType = sourcecode.c.h; name = Label.h; path = Model/Label.h; sourceTree = "<group>"; };
		205BF16721418EDCC6437A3F /* ReleaseDetailViewController.m */ = {isa = PBXFileReference; fileEncoding = 4; lastKnownFileType = sourcecode.c.objc; path = ReleaseDetailViewController.m; sourceTree = "<group>"; };
		205BF1712F28D277669F43E4 /* ReleaseGroupService.h */ = {isa = PBXFileReference; fileEncoding = 4; lastKnownFileType = sourcecode.c.h; path = ReleaseGroupService.h; sourceTree = "<group>"; };
		205BF20BDE664500F0B656C1 /* LabelService.m */ = {isa = PBXFileReference; fileEncoding = 4; lastKnownFileType = sourcecode.c.objc; path = LabelService.m; sourceTree = "<group>"; };
		205BF27822F920643D3D1CAE /* NavigationBar@2x.png */ = {isa = PBXFileReference; lastKnownFileType = image.png; path = "NavigationBar@2x.png"; sourceTree = "<group>"; };
		205BF2C575D57E6D76180DEB /* Medium.m */ = {isa = PBXFileReference; fileEncoding = 4; lastKnownFileType = sourcecode.c.objc; name = Medium.m; path = Model/Medium.m; sourceTree = "<group>"; };
		205BF2E4DA7B8653978DAB02 /* ReleaseDetailViewController.xib */ = {isa = PBXFileReference; lastKnownFileType = file.xib; name = ReleaseDetailViewController.xib; path = en.lproj/ReleaseDetailViewController.xib; sourceTree = "<group>"; };
		205BF3CAFC954DCB94BEFC16 /* LabelService.h */ = {isa = PBXFileReference; fileEncoding = 4; lastKnownFileType = sourcecode.c.h; path = LabelService.h; sourceTree = "<group>"; };
		205BF51E3CEA96A200738E8E /* Release.h */ = {isa = PBXFileReference; fileEncoding = 4; lastKnownFileType = sourcecode.c.h; name = Release.h; path = Model/Release.h; sourceTree = "<group>"; };
		205BF5B97AD65DF34CB5F225 /* RecordingService.m */ = {isa = PBXFileReference; fileEncoding = 4; lastKnownFileType = sourcecode.c.objc; path = RecordingService.m; sourceTree = "<group>"; };
		205BF620700DB494813DA0D7 /* Work.m */ = {isa = PBXFileReference; fileEncoding = 4; lastKnownFileType = sourcecode.c.objc; name = Work.m; path = Model/Work.m; sourceTree = "<group>"; };
		205BF65860AC954BE8DFED8A /* Recording.h */ = {isa = PBXFileReference; fileEncoding = 4; lastKnownFileType = sourcecode.c.h; name = Recording.h; path = Model/Recording.h; sourceTree = "<group>"; };
		205BF660FB5A08125A95173D /* WorkService.h */ = {isa = PBXFileReference; fileEncoding = 4; lastKnownFileType = sourcecode.c.h; path = WorkService.h; sourceTree = "<group>"; };
		205BF6B8AE6AD8AC4A20B033 /* ReleaseService.m */ = {isa = PBXFileReference; fileEncoding = 4; lastKnownFileType = sourcecode.c.objc; path = ReleaseService.m; sourceTree = "<group>"; };
		205BF6E66957A9E91B76F5E6 /* NavigationBar.png */ = {isa = PBXFileReference; lastKnownFileType = image.png; path = NavigationBar.png; sourceTree = "<group>"; };
		205BF7356CEB9E4B081A5CA8 /* ReleaseDetailViewController.h */ = {isa = PBXFileReference; fileEncoding = 4; lastKnownFileType = sourcecode.c.h; path = ReleaseDetailViewController.h; sourceTree = "<group>"; };
		205BF88A984951781FDBF7DF /* Track.h */ = {isa = PBXFileReference; fileEncoding = 4; lastKnownFileType = sourcecode.c.h; name = Track.h; path = Model/Track.h; sourceTree = "<group>"; };
		205BF88CA3B3A5869000EA76 /* MediumService.m */ = {isa = PBXFileReference; fileEncoding = 4; lastKnownFileType = sourcecode.c.objc; path = MediumService.m; sourceTree = "<group>"; };
		205BF9251C39534F1C787385 /* Label.m */ = {isa = PBXFileReference; fileEncoding = 4; lastKnownFileType = sourcecode.c.objc; name = Label.m; path = Model/Label.m; sourceTree = "<group>"; };
		205BF976ED154B817334CE19 /* BarcodeScanViewController.h */ = {isa = PBXFileReference; fileEncoding = 4; lastKnownFileType = sourcecode.c.h; path = BarcodeScanViewController.h; sourceTree = "<group>"; };
		205BF9DFF8A7630FAA7B1DF7 /* RecordingService.h */ = {isa = PBXFileReference; fileEncoding = 4; lastKnownFileType = sourcecode.c.h; path = RecordingService.h; sourceTree = "<group>"; };
		205BFA01DF0D12B12CC044C4 /* ReleaseGroup.m */ = {isa = PBXFileReference; fileEncoding = 4; lastKnownFileType = sourcecode.c.objc; name = ReleaseGroup.m; path = Model/ReleaseGroup.m; sourceTree = "<group>"; };
		205BFA0472E2DDC77B55C4CC /* Release.m */ = {isa = PBXFileReference; fileEncoding = 4; lastKnownFileType = sourcecode.c.objc; name = Release.m; path = Model/Release.m; sourceTree = "<group>"; };
		205BFA61D47031D5109A65BC /* TrackService.h */ = {isa = PBXFileReference; fileEncoding = 4; lastKnownFileType = sourcecode.c.h; path = TrackService.h; sourceTree = "<group>"; };
		205BFA98B60E8AE387739D72 /* ArtistService.h */ = {isa = PBXFileReference; fileEncoding = 4; lastKnownFileType = sourcecode.c.h; path = ArtistService.h; sourceTree = "<group>"; };
		205BFB46674D091DE1396403 /* ReleaseGroupService.m */ = {isa = PBXFileReference; fileEncoding = 4; lastKnownFileType = sourcecode.c.objc; path = ReleaseGroupService.m; sourceTree = "<group>"; };
		205BFBD23D433E5F113A9610 /* Medium.h */ = {isa = PBXFileReference; fileEncoding = 4; lastKnownFileType = sourcecode.c.h; name = Medium.h; path = Model/Medium.h; sourceTree = "<group>"; };
		205BFBD5454C6F80207F00DC /* MediumService.h */ = {isa = PBXFileReference; fileEncoding = 4; lastKnownFileType = sourcecode.c.h; path = MediumService.h; sourceTree = "<group>"; };
		205BFCA08B15CF8B4CC45F7B /* TrackService.m */ = {isa = PBXFileReference; fileEncoding = 4; lastKnownFileType = sourcecode.c.objc; path = TrackService.m; sourceTree = "<group>"; };
		205BFCC2955C4BDDE7871836 /* BarcodeScanViewController.m */ = {isa = PBXFileReference; fileEncoding = 4; lastKnownFileType = sourcecode.c.objc; path = BarcodeScanViewController.m; sourceTree = "<group>"; };
		205BFCE406A9F14C0BCA9C95 /* WorkService.m */ = {isa = PBXFileReference; fileEncoding = 4; lastKnownFileType = sourcecode.c.objc; path = WorkService.m; sourceTree = "<group>"; };
		205BFD69F5777C29F80E09CF /* Work.h */ = {isa = PBXFileReference; fileEncoding = 4; lastKnownFileType = sourcecode.c.h; name = Work.h; path = Model/Work.h; sourceTree = "<group>"; };
		205BFF18F31BB1359A1308BD /* ReleaseService.h */ = {isa = PBXFileReference; fileEncoding = 4; lastKnownFileType = sourcecode.c.h; path = ReleaseService.h; sourceTree = "<group>"; };
		205BFF7641BAA9AB1482B2BB /* Recording.m */ = {isa = PBXFileReference; fileEncoding = 4; lastKnownFileType = sourcecode.c.objc; name = Recording.m; path = Model/Recording.m; sourceTree = "<group>"; };
		205BFF927299966E96191FA1 /* Track.m */ = {isa = PBXFileReference; fileEncoding = 4; lastKnownFileType = sourcecode.c.objc; name = Track.m; path = Model/Track.m; sourceTree = "<group>"; };
		205BFFADA54CE0D4EE9B145B /* ReleaseGroup.h */ = {isa = PBXFileReference; fileEncoding = 4; lastKnownFileType = sourcecode.c.h; name = ReleaseGroup.h; path = Model/ReleaseGroup.h; sourceTree = "<group>"; };
		6218A3D216E46E870080271B /* MusicBrainz.app */ = {isa = PBXFileReference; explicitFileType = wrapper.application; includeInIndex = 0; path = MusicBrainz.app; sourceTree = BUILT_PRODUCTS_DIR; };
		6218A3D516E46E870080271B /* UIKit.framework */ = {isa = PBXFileReference; lastKnownFileType = wrapper.framework; name = UIKit.framework; path = System/Library/Frameworks/UIKit.framework; sourceTree = SDKROOT; };
		6218A3D716E46E870080271B /* Foundation.framework */ = {isa = PBXFileReference; lastKnownFileType = wrapper.framework; name = Foundation.framework; path = System/Library/Frameworks/Foundation.framework; sourceTree = SDKROOT; };
		6218A3D916E46E870080271B /* CoreGraphics.framework */ = {isa = PBXFileReference; lastKnownFileType = wrapper.framework; name = CoreGraphics.framework; path = System/Library/Frameworks/CoreGraphics.framework; sourceTree = SDKROOT; };
		6218A3DD16E46E870080271B /* MusicBrainz-Info.plist */ = {isa = PBXFileReference; lastKnownFileType = text.plist.xml; path = "MusicBrainz-Info.plist"; sourceTree = "<group>"; };
		6218A3E116E46E870080271B /* main.m */ = {isa = PBXFileReference; lastKnownFileType = sourcecode.c.objc; path = main.m; sourceTree = "<group>"; };
		6218A3E316E46E870080271B /* MusicBrainz-Prefix.pch */ = {isa = PBXFileReference; lastKnownFileType = sourcecode.c.h; path = "MusicBrainz-Prefix.pch"; sourceTree = "<group>"; };
		6218A40816E46F870080271B /* AppDelegate.h */ = {isa = PBXFileReference; fileEncoding = 4; lastKnownFileType = sourcecode.c.h; path = AppDelegate.h; sourceTree = "<group>"; };
		6218A40916E46F870080271B /* AppDelegate.m */ = {isa = PBXFileReference; fileEncoding = 4; lastKnownFileType = sourcecode.c.objc; path = AppDelegate.m; sourceTree = "<group>"; };
		6218A40B16E46F870080271B /* SearchViewController.h */ = {isa = PBXFileReference; fileEncoding = 4; lastKnownFileType = sourcecode.c.h; path = SearchViewController.h; sourceTree = "<group>"; };
		6218A40D16E46F870080271B /* CollectionViewController.h */ = {isa = PBXFileReference; fileEncoding = 4; lastKnownFileType = sourcecode.c.h; path = CollectionViewController.h; sourceTree = "<group>"; };
		6218A41716E477A10080271B /* DonateViewController.h */ = {isa = PBXFileReference; fileEncoding = 4; lastKnownFileType = sourcecode.c.h; path = DonateViewController.h; sourceTree = "<group>"; };
		6218A41E16E478170080271B /* en */ = {isa = PBXFileReference; lastKnownFileType = file.xib; name = en; path = en.lproj/CollectionViewController.xib; sourceTree = "<group>"; };
		6218A42016E478170080271B /* en */ = {isa = PBXFileReference; lastKnownFileType = file.xib; name = en; path = en.lproj/DonateViewController.xib; sourceTree = "<group>"; };
		6218A42216E478170080271B /* en */ = {isa = PBXFileReference; lastKnownFileType = text.plist.strings; name = en; path = en.lproj/InfoPlist.strings; sourceTree = "<group>"; };
		6218A42416E478170080271B /* en */ = {isa = PBXFileReference; lastKnownFileType = file.xib; name = en; path = en.lproj/SearchViewController.xib; sourceTree = "<group>"; };
		6218A42616E478170080271B /* Default-568h@2x.png */ = {isa = PBXFileReference; lastKnownFileType = image.png; path = "Default-568h@2x.png"; sourceTree = "<group>"; };
		6218A42716E478170080271B /* Default.png */ = {isa = PBXFileReference; lastKnownFileType = image.png; path = Default.png; sourceTree = "<group>"; };
		6218A42816E478170080271B /* Default@2x.png */ = {isa = PBXFileReference; lastKnownFileType = image.png; path = "Default@2x.png"; sourceTree = "<group>"; };
		6218A44116E47B010080271B /* CollectionViewController.m */ = {isa = PBXFileReference; fileEncoding = 4; lastKnownFileType = sourcecode.c.objc; path = CollectionViewController.m; sourceTree = "<group>"; };
		6218A44216E47B020080271B /* DonateViewController.m */ = {isa = PBXFileReference; fileEncoding = 4; lastKnownFileType = sourcecode.c.objc; path = DonateViewController.m; sourceTree = "<group>"; };
		6218A44316E47B020080271B /* SearchViewController.m */ = {isa = PBXFileReference; fileEncoding = 4; lastKnownFileType = sourcecode.c.objc; path = SearchViewController.m; sourceTree = "<group>"; };
		6218A44716E47DA60080271B /* credit_card.png */ = {isa = PBXFileReference; lastKnownFileType = image.png; path = credit_card.png; sourceTree = "<group>"; };
		6218A44816E47DA60080271B /* credit_card@2x.png */ = {isa = PBXFileReference; lastKnownFileType = image.png; path = "credit_card@2x.png"; sourceTree = "<group>"; };
		6218A44A16E47DA60080271B /* info.png */ = {isa = PBXFileReference; lastKnownFileType = image.png; path = info.png; sourceTree = "<group>"; };
		6218A44B16E47DA60080271B /* info@2x.png */ = {isa = PBXFileReference; lastKnownFileType = image.png; path = "info@2x.png"; sourceTree = "<group>"; };
		6218A44D16E47DA60080271B /* magnifier.png */ = {isa = PBXFileReference; lastKnownFileType = image.png; path = magnifier.png; sourceTree = "<group>"; };
		6218A44E16E47DA60080271B /* magnifier@2x.png */ = {isa = PBXFileReference; lastKnownFileType = image.png; path = "magnifier@2x.png"; sourceTree = "<group>"; };
		6218A45016E47DA60080271B /* plus.png */ = {isa = PBXFileReference; lastKnownFileType = image.png; path = plus.png; sourceTree = "<group>"; };
		6218A45116E47DA60080271B /* plus@2x.png */ = {isa = PBXFileReference; lastKnownFileType = image.png; path = "plus@2x.png"; sourceTree = "<group>"; };
		6218A46116E485D50080271B /* NSAlert+MKNetworkKitAdditions.h */ = {isa = PBXFileReference; fileEncoding = 4; lastKnownFileType = sourcecode.c.h; path = "NSAlert+MKNetworkKitAdditions.h"; sourceTree = "<group>"; };
		6218A46216E485D50080271B /* NSAlert+MKNetworkKitAdditions.m */ = {isa = PBXFileReference; fileEncoding = 4; lastKnownFileType = sourcecode.c.objc; path = "NSAlert+MKNetworkKitAdditions.m"; sourceTree = "<group>"; };
		6218A46316E485D50080271B /* NSData+MKBase64.h */ = {isa = PBXFileReference; fileEncoding = 4; lastKnownFileType = sourcecode.c.h; path = "NSData+MKBase64.h"; sourceTree = "<group>"; };
		6218A46416E485D50080271B /* NSData+MKBase64.m */ = {isa = PBXFileReference; fileEncoding = 4; lastKnownFileType = sourcecode.c.objc; path = "NSData+MKBase64.m"; sourceTree = "<group>"; };
		6218A46516E485D50080271B /* NSDate+RFC1123.h */ = {isa = PBXFileReference; fileEncoding = 4; lastKnownFileType = sourcecode.c.h; path = "NSDate+RFC1123.h"; sourceTree = "<group>"; };
		6218A46616E485D50080271B /* NSDate+RFC1123.m */ = {isa = PBXFileReference; fileEncoding = 4; lastKnownFileType = sourcecode.c.objc; path = "NSDate+RFC1123.m"; sourceTree = "<group>"; };
		6218A46716E485D50080271B /* NSDictionary+RequestEncoding.h */ = {isa = PBXFileReference; fileEncoding = 4; lastKnownFileType = sourcecode.c.h; path = "NSDictionary+RequestEncoding.h"; sourceTree = "<group>"; };
		6218A46816E485D50080271B /* NSDictionary+RequestEncoding.m */ = {isa = PBXFileReference; fileEncoding = 4; lastKnownFileType = sourcecode.c.objc; path = "NSDictionary+RequestEncoding.m"; sourceTree = "<group>"; };
		6218A46916E485D50080271B /* NSString+MKNetworkKitAdditions.h */ = {isa = PBXFileReference; fileEncoding = 4; lastKnownFileType = sourcecode.c.h; path = "NSString+MKNetworkKitAdditions.h"; sourceTree = "<group>"; };
		6218A46A16E485D50080271B /* NSString+MKNetworkKitAdditions.m */ = {isa = PBXFileReference; fileEncoding = 4; lastKnownFileType = sourcecode.c.objc; path = "NSString+MKNetworkKitAdditions.m"; sourceTree = "<group>"; };
		6218A46B16E485D50080271B /* UIAlertView+MKNetworkKitAdditions.h */ = {isa = PBXFileReference; fileEncoding = 4; lastKnownFileType = sourcecode.c.h; path = "UIAlertView+MKNetworkKitAdditions.h"; sourceTree = "<group>"; };
		6218A46C16E485D50080271B /* UIAlertView+MKNetworkKitAdditions.m */ = {isa = PBXFileReference; fileEncoding = 4; lastKnownFileType = sourcecode.c.objc; path = "UIAlertView+MKNetworkKitAdditions.m"; sourceTree = "<group>"; };
		6218A46F16E485D50080271B /* MKNetworkEngine.h */ = {isa = PBXFileReference; fileEncoding = 4; lastKnownFileType = sourcecode.c.h; name = MKNetworkEngine.h; path = MKNetworkKit/MKNetworkKit/MKNetworkEngine.h; sourceTree = "<group>"; };
		6218A47016E485D50080271B /* MKNetworkEngine.m */ = {isa = PBXFileReference; fileEncoding = 4; lastKnownFileType = sourcecode.c.objc; name = MKNetworkEngine.m; path = MKNetworkKit/MKNetworkKit/MKNetworkEngine.m; sourceTree = "<group>"; };
		6218A47116E485D50080271B /* MKNetworkKit.h */ = {isa = PBXFileReference; fileEncoding = 4; lastKnownFileType = sourcecode.c.h; name = MKNetworkKit.h; path = MKNetworkKit/MKNetworkKit/MKNetworkKit.h; sourceTree = "<group>"; };
		6218A47216E485D50080271B /* MKNetworkOperation.h */ = {isa = PBXFileReference; fileEncoding = 4; lastKnownFileType = sourcecode.c.h; name = MKNetworkOperation.h; path = MKNetworkKit/MKNetworkKit/MKNetworkOperation.h; sourceTree = "<group>"; };
		6218A47316E485D50080271B /* MKNetworkOperation.m */ = {isa = PBXFileReference; fileEncoding = 4; lastKnownFileType = sourcecode.c.objc; name = MKNetworkOperation.m; path = MKNetworkKit/MKNetworkKit/MKNetworkOperation.m; sourceTree = "<group>"; };
		6218A47516E485D50080271B /* Reachability.h */ = {isa = PBXFileReference; fileEncoding = 4; lastKnownFileType = sourcecode.c.h; path = Reachability.h; sourceTree = "<group>"; };
		6218A47616E485D50080271B /* Reachability.m */ = {isa = PBXFileReference; fileEncoding = 4; lastKnownFileType = sourcecode.c.objc; path = Reachability.m; sourceTree = "<group>"; };
		6218A48216E485F80080271B /* MBProgressHUD.h */ = {isa = PBXFileReference; fileEncoding = 4; lastKnownFileType = sourcecode.c.h; name = MBProgressHUD.h; path = MBProgressHUD/MBProgressHUD.h; sourceTree = "<group>"; };
		6218A48316E485F80080271B /* MBProgressHUD.m */ = {isa = PBXFileReference; fileEncoding = 4; lastKnownFileType = sourcecode.c.objc; name = MBProgressHUD.m; path = MBProgressHUD/MBProgressHUD.m; sourceTree = "<group>"; };
		6218A48516E486490080271B /* BasicService.h */ = {isa = PBXFileReference; fileEncoding = 4; lastKnownFileType = sourcecode.c.h; path = BasicService.h; sourceTree = "<group>"; };
		6218A48616E486490080271B /* BasicService.m */ = {isa = PBXFileReference; fileEncoding = 4; lastKnownFileType = sourcecode.c.objc; path = BasicService.m; sourceTree = "<group>"; };
		6218A4ED16E6192B0080271B /* SearchService.h */ = {isa = PBXFileReference; fileEncoding = 4; lastKnownFileType = sourcecode.c.h; path = SearchService.h; sourceTree = "<group>"; };
		6218A4EE16E6192B0080271B /* SearchService.m */ = {isa = PBXFileReference; fileEncoding = 4; lastKnownFileType = sourcecode.c.objc; path = SearchService.m; sourceTree = "<group>"; };
		6218A4F516E64A6D0080271B /* CFNetwork.framework */ = {isa = PBXFileReference; lastKnownFileType = wrapper.framework; name = CFNetwork.framework; path = System/Library/Frameworks/CFNetwork.framework; sourceTree = SDKROOT; };
		6218A4F716E64A720080271B /* Security.framework */ = {isa = PBXFileReference; lastKnownFileType = wrapper.framework; name = Security.framework; path = System/Library/Frameworks/Security.framework; sourceTree = SDKROOT; };
		6218A4F916E64A790080271B /* SystemConfiguration.framework */ = {isa = PBXFileReference; lastKnownFileType = wrapper.framework; name = SystemConfiguration.framework; path = System/Library/Frameworks/SystemConfiguration.framework; sourceTree = SDKROOT; };
		6218A4FF16E680880080271B /* ArtistDetailViewController.h */ = {isa = PBXFileReference; fileEncoding = 4; lastKnownFileType = sourcecode.c.h; path = ArtistDetailViewController.h; sourceTree = "<group>"; };
		6218A50016E680880080271B /* ArtistDetailViewController.m */ = {isa = PBXFileReference; fileEncoding = 4; lastKnownFileType = sourcecode.c.objc; path = ArtistDetailViewController.m; sourceTree = "<group>"; };
		6218A50316E6809E0080271B /* en */ = {isa = PBXFileReference; lastKnownFileType = file.xib; name = en; path = en.lproj/ArtistDetailViewController.xib; sourceTree = "<group>"; };
		6218A50616E71BE60080271B /* SearchQueryTextCell.h */ = {isa = PBXFileReference; fileEncoding = 4; lastKnownFileType = sourcecode.c.h; name = SearchQueryTextCell.h; path = CustomViews/SearchQueryTextCell.h; sourceTree = "<group>"; };
		6218A50716E71BE60080271B /* SearchQueryTextCell.m */ = {isa = PBXFileReference; fileEncoding = 4; lastKnownFileType = sourcecode.c.objc; name = SearchQueryTextCell.m; path = CustomViews/SearchQueryTextCell.m; sourceTree = "<group>"; };
		6218A50B16E71C5E0080271B /* SearchQueryTextCell.xib */ = {isa = PBXFileReference; fileEncoding = 4; lastKnownFileType = file.xib; name = SearchQueryTextCell.xib; path = CustomViews/SearchQueryTextCell.xib; sourceTree = "<group>"; };
		6218A50E16E726340080271B /* en */ = {isa = PBXFileReference; lastKnownFileType = text.plist.strings; name = en; path = en.lproj/Localizable.strings; sourceTree = "<group>"; };
		62C5444A16ECF976000BEFD5 /* Const.h */ = {isa = PBXFileReference; fileEncoding = 4; lastKnownFileType = sourcecode.c.h; name = Const.h; path = Other/Const.h; sourceTree = "<group>"; };
		62C5444B16ECF981000BEFD5 /* Artist.h */ = {isa = PBXFileReference; fileEncoding = 4; lastKnownFileType = sourcecode.c.h; name = Artist.h; path = Model/Artist.h; sourceTree = "<group>"; };
		62C5444C16ECF98A000BEFD5 /* Artist.m */ = {isa = PBXFileReference; fileEncoding = 4; lastKnownFileType = sourcecode.c.objc; name = Artist.m; path = Model/Artist.m; sourceTree = "<group>"; };
/* End PBXFileReference section */

/* Begin PBXFrameworksBuildPhase section */
		6218A3CF16E46E870080271B /* Frameworks */ = {
			isa = PBXFrameworksBuildPhase;
			buildActionMask = 2147483647;
			files = (
				6218A4FA16E64A790080271B /* SystemConfiguration.framework in Frameworks */,
				6218A4F816E64A720080271B /* Security.framework in Frameworks */,
				6218A4F616E64A6D0080271B /* CFNetwork.framework in Frameworks */,
				6218A3D616E46E870080271B /* UIKit.framework in Frameworks */,
				6218A3D816E46E870080271B /* Foundation.framework in Frameworks */,
				6218A3DA16E46E870080271B /* CoreGraphics.framework in Frameworks */,
			);
			runOnlyForDeploymentPostprocessing = 0;
		};
/* End PBXFrameworksBuildPhase section */

/* Begin PBXGroup section */
		6218A3C916E46E870080271B = {
			isa = PBXGroup;
			children = (
				6218A40716E46F870080271B /* Classes */,
				6218A41C16E478170080271B /* Resources */,
				6218A3DC16E46E870080271B /* Supporting Files */,
				6218A3D416E46E870080271B /* Frameworks */,
				6218A3D316E46E870080271B /* Products */,
			);
			sourceTree = "<group>";
		};
		6218A3D316E46E870080271B /* Products */ = {
			isa = PBXGroup;
			children = (
				6218A3D216E46E870080271B /* MusicBrainz.app */,
			);
			name = Products;
			sourceTree = "<group>";
		};
		6218A3D416E46E870080271B /* Frameworks */ = {
			isa = PBXGroup;
			children = (
				6218A4F916E64A790080271B /* SystemConfiguration.framework */,
				6218A4F716E64A720080271B /* Security.framework */,
				6218A4F516E64A6D0080271B /* CFNetwork.framework */,
				6218A3D516E46E870080271B /* UIKit.framework */,
				6218A3D716E46E870080271B /* Foundation.framework */,
				6218A3D916E46E870080271B /* CoreGraphics.framework */,
			);
			name = Frameworks;
			sourceTree = "<group>";
		};
		6218A3DC16E46E870080271B /* Supporting Files */ = {
			isa = PBXGroup;
			children = (
				6218A3DD16E46E870080271B /* MusicBrainz-Info.plist */,
				6218A3E116E46E870080271B /* main.m */,
				6218A3E316E46E870080271B /* MusicBrainz-Prefix.pch */,
			);
			name = "Supporting Files";
			path = MusicBrainz;
			sourceTree = "<group>";
		};
		6218A40716E46F870080271B /* Classes */ = {
			isa = PBXGroup;
			children = (
				6218A50516E71BAB0080271B /* CustomViews */,
				6218A4FB16E674010080271B /* Model */,
				6218A41416E473AC0080271B /* Other */,
				6218A40816E46F870080271B /* AppDelegate.h */,
				6218A40916E46F870080271B /* AppDelegate.m */,
				6218A40A16E46F870080271B /* Controllers */,
				6218A40F16E46F870080271B /* Dependencies */,
				6218A41016E46F870080271B /* Services */,
			);
			name = Classes;
			path = MusicBrainz/Classes;
			sourceTree = "<group>";
		};
		6218A40A16E46F870080271B /* Controllers */ = {
			isa = PBXGroup;
			children = (
				6218A40B16E46F870080271B /* SearchViewController.h */,
				6218A44316E47B020080271B /* SearchViewController.m */,
				6218A40D16E46F870080271B /* CollectionViewController.h */,
				6218A44116E47B010080271B /* CollectionViewController.m */,
				6218A41716E477A10080271B /* DonateViewController.h */,
				6218A44216E47B020080271B /* DonateViewController.m */,
				6218A4FF16E680880080271B /* ArtistDetailViewController.h */,
				6218A50016E680880080271B /* ArtistDetailViewController.m */,
				205BFCC2955C4BDDE7871836 /* BarcodeScanViewController.m */,
				205BF976ED154B817334CE19 /* BarcodeScanViewController.h */,
				205BF7356CEB9E4B081A5CA8 /* ReleaseDetailViewController.h */,
				205BF16721418EDCC6437A3F /* ReleaseDetailViewController.m */,
			);
			path = Controllers;
			sourceTree = "<group>";
		};
		6218A40F16E46F870080271B /* Dependencies */ = {
			isa = PBXGroup;
			children = (
				6218A48116E485E80080271B /* MBProgressHUD */,
				6218A45F16E485C50080271B /* MKNetworkKit */,
			);
			path = Dependencies;
			sourceTree = "<group>";
		};
		6218A41016E46F870080271B /* Services */ = {
			isa = PBXGroup;
			children = (
				205BF6B8AE6AD8AC4A20B033 /* ReleaseService.m */,
				205BFF18F31BB1359A1308BD /* ReleaseService.h */,
				205BFCE406A9F14C0BCA9C95 /* WorkService.m */,
				205BF660FB5A08125A95173D /* WorkService.h */,
				6218A48516E486490080271B /* BasicService.h */,
				6218A48616E486490080271B /* BasicService.m */,
				6218A4ED16E6192B0080271B /* SearchService.h */,
				6218A4EE16E6192B0080271B /* SearchService.m */,
				205BF047FE92B1AD020F604E /* ArtistService.m */,
				205BFA98B60E8AE387739D72 /* ArtistService.h */,
				205BF5B97AD65DF34CB5F225 /* RecordingService.m */,
				205BF9DFF8A7630FAA7B1DF7 /* RecordingService.h */,
				205BF20BDE664500F0B656C1 /* LabelService.m */,
				205BF3CAFC954DCB94BEFC16 /* LabelService.h */,
				205BFB46674D091DE1396403 /* ReleaseGroupService.m */,
				205BF1712F28D277669F43E4 /* ReleaseGroupService.h */,
				205BF88CA3B3A5869000EA76 /* MediumService.m */,
				205BFBD5454C6F80207F00DC /* MediumService.h */,
				205BFCA08B15CF8B4CC45F7B /* TrackService.m */,
				205BFA61D47031D5109A65BC /* TrackService.h */,
			);
			path = Services;
			sourceTree = "<group>";
		};
		6218A41416E473AC0080271B /* Other */ = {
			isa = PBXGroup;
			children = (
				62C5444A16ECF976000BEFD5 /* Const.h */,
			);
			name = Other;
			sourceTree = "<group>";
		};
		6218A41C16E478170080271B /* Resources */ = {
			isa = PBXGroup;
			children = (
				6218A50A16E71C200080271B /* CustomViews */,
				6218A50916E71C120080271B /* Views */,
				6218A42316E478170080271B /* SearchViewController.xib */,
				6218A50216E6809E0080271B /* ArtistDetailViewController.xib */,
				6218A41D16E478170080271B /* CollectionViewController.xib */,
				6218A41F16E478170080271B /* DonateViewController.xib */,
				6218A42116E478170080271B /* InfoPlist.strings */,
				6218A42516E478170080271B /* Images */,
				6218A50D16E726340080271B /* Localizable.strings */,
				205BF2E4DA7B8653978DAB02 /* ReleaseDetailViewController.xib */,
			);
			name = Resources;
			path = MusicBrainz/Resources;
			sourceTree = "<group>";
		};
		6218A42516E478170080271B /* Images */ = {
			isa = PBXGroup;
			children = (
				6218A44716E47DA60080271B /* credit_card.png */,
				6218A44816E47DA60080271B /* credit_card@2x.png */,
				6218A44A16E47DA60080271B /* info.png */,
				6218A44B16E47DA60080271B /* info@2x.png */,
				6218A44D16E47DA60080271B /* magnifier.png */,
				6218A44E16E47DA60080271B /* magnifier@2x.png */,
				6218A45016E47DA60080271B /* plus.png */,
				6218A45116E47DA60080271B /* plus@2x.png */,
				6218A42616E478170080271B /* Default-568h@2x.png */,
				6218A42716E478170080271B /* Default.png */,
				6218A42816E478170080271B /* Default@2x.png */,
				205BF27822F920643D3D1CAE /* NavigationBar@2x.png */,
				205BF6E66957A9E91B76F5E6 /* NavigationBar.png */,
			);
			path = Images;
			sourceTree = "<group>";
		};
		6218A45F16E485C50080271B /* MKNetworkKit */ = {
			isa = PBXGroup;
			children = (
				6218A46016E485D50080271B /* Categories */,
				6218A46F16E485D50080271B /* MKNetworkEngine.h */,
				6218A47016E485D50080271B /* MKNetworkEngine.m */,
				6218A47116E485D50080271B /* MKNetworkKit.h */,
				6218A47216E485D50080271B /* MKNetworkOperation.h */,
				6218A47316E485D50080271B /* MKNetworkOperation.m */,
				6218A47416E485D50080271B /* Reachability */,
			);
			name = MKNetworkKit;
			sourceTree = "<group>";
		};
		6218A46016E485D50080271B /* Categories */ = {
			isa = PBXGroup;
			children = (
				6218A46116E485D50080271B /* NSAlert+MKNetworkKitAdditions.h */,
				6218A46216E485D50080271B /* NSAlert+MKNetworkKitAdditions.m */,
				6218A46316E485D50080271B /* NSData+MKBase64.h */,
				6218A46416E485D50080271B /* NSData+MKBase64.m */,
				6218A46516E485D50080271B /* NSDate+RFC1123.h */,
				6218A46616E485D50080271B /* NSDate+RFC1123.m */,
				6218A46716E485D50080271B /* NSDictionary+RequestEncoding.h */,
				6218A46816E485D50080271B /* NSDictionary+RequestEncoding.m */,
				6218A46916E485D50080271B /* NSString+MKNetworkKitAdditions.h */,
				6218A46A16E485D50080271B /* NSString+MKNetworkKitAdditions.m */,
				6218A46B16E485D50080271B /* UIAlertView+MKNetworkKitAdditions.h */,
				6218A46C16E485D50080271B /* UIAlertView+MKNetworkKitAdditions.m */,
			);
			name = Categories;
			path = MKNetworkKit/MKNetworkKit/Categories;
			sourceTree = "<group>";
		};
		6218A47416E485D50080271B /* Reachability */ = {
			isa = PBXGroup;
			children = (
				6218A47516E485D50080271B /* Reachability.h */,
				6218A47616E485D50080271B /* Reachability.m */,
			);
			name = Reachability;
			path = MKNetworkKit/MKNetworkKit/Reachability;
			sourceTree = "<group>";
		};
		6218A48116E485E80080271B /* MBProgressHUD */ = {
			isa = PBXGroup;
			children = (
				6218A48216E485F80080271B /* MBProgressHUD.h */,
				6218A48316E485F80080271B /* MBProgressHUD.m */,
			);
			name = MBProgressHUD;
			sourceTree = "<group>";
		};
		6218A4FB16E674010080271B /* Model */ = {
			isa = PBXGroup;
			children = (
				62C5444B16ECF981000BEFD5 /* Artist.h */,
				62C5444C16ECF98A000BEFD5 /* Artist.m */,
				205BF9251C39534F1C787385 /* Label.m */,
				205BF083209494E7CCCC0246 /* Label.h */,
				205BFF7641BAA9AB1482B2BB /* Recording.m */,
				205BF65860AC954BE8DFED8A /* Recording.h */,
				205BFA0472E2DDC77B55C4CC /* Release.m */,
				205BF51E3CEA96A200738E8E /* Release.h */,
				205BFA01DF0D12B12CC044C4 /* ReleaseGroup.m */,
				205BFFADA54CE0D4EE9B145B /* ReleaseGroup.h */,
				205BFD69F5777C29F80E09CF /* Work.h */,
				205BF620700DB494813DA0D7 /* Work.m */,
				205BF2C575D57E6D76180DEB /* Medium.m */,
				205BFBD23D433E5F113A9610 /* Medium.h */,
				205BFF927299966E96191FA1 /* Track.m */,
				205BF88A984951781FDBF7DF /* Track.h */,
			);
			name = Model;
			sourceTree = "<group>";
		};
		6218A50516E71BAB0080271B /* CustomViews */ = {
			isa = PBXGroup;
			children = (
				6218A50616E71BE60080271B /* SearchQueryTextCell.h */,
				6218A50716E71BE60080271B /* SearchQueryTextCell.m */,
			);
			name = CustomViews;
			sourceTree = "<group>";
		};
		6218A50916E71C120080271B /* Views */ = {
			isa = PBXGroup;
			children = (
			);
			name = Views;
			sourceTree = "<group>";
		};
		6218A50A16E71C200080271B /* CustomViews */ = {
			isa = PBXGroup;
			children = (
				6218A50B16E71C5E0080271B /* SearchQueryTextCell.xib */,
			);
			name = CustomViews;
			sourceTree = "<group>";
		};
/* End PBXGroup section */

/* Begin PBXNativeTarget section */
		6218A3D116E46E870080271B /* MusicBrainz */ = {
			isa = PBXNativeTarget;
			buildConfigurationList = 6218A40316E46E880080271B /* Build configuration list for PBXNativeTarget "MusicBrainz" */;
			buildPhases = (
				6218A3CE16E46E870080271B /* Sources */,
				6218A3CF16E46E870080271B /* Frameworks */,
				6218A3D016E46E870080271B /* Resources */,
			);
			buildRules = (
			);
			dependencies = (
			);
			name = MusicBrainz;
			productName = MusicBrainz;
			productReference = 6218A3D216E46E870080271B /* MusicBrainz.app */;
			productType = "com.apple.product-type.application";
		};
/* End PBXNativeTarget section */

/* Begin PBXProject section */
		6218A3CA16E46E870080271B /* Project object */ = {
			isa = PBXProject;
			attributes = {
				LastUpgradeCheck = 0460;
				ORGANIZATIONNAME = xs4some;
			};
			buildConfigurationList = 6218A3CD16E46E870080271B /* Build configuration list for PBXProject "MusicBrainz" */;
			compatibilityVersion = "Xcode 3.2";
			developmentRegion = English;
			hasScannedForEncodings = 0;
			knownRegions = (
				en,
			);
			mainGroup = 6218A3C916E46E870080271B;
			productRefGroup = 6218A3D316E46E870080271B /* Products */;
			projectDirPath = "";
			projectRoot = "";
			targets = (
				6218A3D116E46E870080271B /* MusicBrainz */,
			);
		};
/* End PBXProject section */

/* Begin PBXResourcesBuildPhase section */
		6218A3D016E46E870080271B /* Resources */ = {
			isa = PBXResourcesBuildPhase;
			buildActionMask = 2147483647;
			files = (
				6218A42D16E478170080271B /* CollectionViewController.xib in Resources */,
				6218A42E16E478170080271B /* DonateViewController.xib in Resources */,
				6218A42F16E478170080271B /* InfoPlist.strings in Resources */,
				6218A43016E478170080271B /* SearchViewController.xib in Resources */,
				6218A43116E478170080271B /* Default-568h@2x.png in Resources */,
				6218A43216E478170080271B /* Default.png in Resources */,
				6218A43316E478170080271B /* Default@2x.png in Resources */,
				6218A45316E47DA60080271B /* credit_card.png in Resources */,
				6218A45416E47DA60080271B /* credit_card@2x.png in Resources */,
				6218A45616E47DA60080271B /* info.png in Resources */,
				6218A45716E47DA60080271B /* info@2x.png in Resources */,
				6218A45916E47DA60080271B /* magnifier.png in Resources */,
				6218A45A16E47DA60080271B /* magnifier@2x.png in Resources */,
				6218A45C16E47DA60080271B /* plus.png in Resources */,
				6218A45D16E47DA60080271B /* plus@2x.png in Resources */,
				6218A50416E6809E0080271B /* ArtistDetailViewController.xib in Resources */,
				6218A50C16E71C5E0080271B /* SearchQueryTextCell.xib in Resources */,
				6218A50F16E726340080271B /* Localizable.strings in Resources */,
				205BF0E7C27D17F371E8ECA7 /* NavigationBar@2x.png in Resources */,
				205BF6B2539C3E908D5FF57D /* NavigationBar.png in Resources */,
				205BFDFAA657534CCABB7421 /* ReleaseDetailViewController.xib in Resources */,
			);
			runOnlyForDeploymentPostprocessing = 0;
		};
/* End PBXResourcesBuildPhase section */

/* Begin PBXSourcesBuildPhase section */
		6218A3CE16E46E870080271B /* Sources */ = {
			isa = PBXSourcesBuildPhase;
			buildActionMask = 2147483647;
			files = (
				6218A3E216E46E870080271B /* main.m in Sources */,
				6218A41116E46F870080271B /* AppDelegate.m in Sources */,
				6218A44416E47B030080271B /* CollectionViewController.m in Sources */,
				6218A44516E47B030080271B /* DonateViewController.m in Sources */,
				6218A44616E47B030080271B /* SearchViewController.m in Sources */,
				6218A47716E485D50080271B /* NSAlert+MKNetworkKitAdditions.m in Sources */,
				6218A47816E485D50080271B /* NSData+MKBase64.m in Sources */,
				6218A47916E485D50080271B /* NSDate+RFC1123.m in Sources */,
				6218A47A16E485D50080271B /* NSDictionary+RequestEncoding.m in Sources */,
				6218A47B16E485D50080271B /* NSString+MKNetworkKitAdditions.m in Sources */,
				6218A47C16E485D50080271B /* UIAlertView+MKNetworkKitAdditions.m in Sources */,
				6218A47E16E485D50080271B /* MKNetworkEngine.m in Sources */,
				6218A47F16E485D50080271B /* MKNetworkOperation.m in Sources */,
				6218A48016E485D50080271B /* Reachability.m in Sources */,
				6218A48416E485F80080271B /* MBProgressHUD.m in Sources */,
				6218A48716E486490080271B /* BasicService.m in Sources */,
				6218A4EF16E6192B0080271B /* SearchService.m in Sources */,
				6218A50116E680880080271B /* ArtistDetailViewController.m in Sources */,
				6218A50816E71BE60080271B /* SearchQueryTextCell.m in Sources */,
				205BFD1051A608647AB2AFDE /* BarcodeScanViewController.m in Sources */,
				205BF8C5B205D960EB3BC6C1 /* Label.m in Sources */,
				205BF26E12B2DCB86E04DCB0 /* Recording.m in Sources */,
				205BFD921854B7EC97F76EED /* Release.m in Sources */,
				205BF310ABFDCE8BA44D7960 /* ReleaseGroup.m in Sources */,
				205BFD12B937D11A9DF1FB95 /* Work.m in Sources */,
				205BF2511CF9B688CACCF97A /* ArtistService.m in Sources */,
				205BFF3A05069CF6C0E9CC15 /* RecordingService.m in Sources */,
				205BFC2FB042DB5A1D077EBE /* LabelService.m in Sources */,
				205BF728B756DB1E87C3483F /* ReleaseService.m in Sources */,
				205BF5C3BAD157384A8BF78F /* ReleaseGroupService.m in Sources */,
				205BFB1167E7415A09690029 /* WorkService.m in Sources */,
				205BFE313CC17C1DA4F20898 /* Medium.m in Sources */,
				205BFDC25224FAE31C8EE9F1 /* Track.m in Sources */,
				205BF26409D96C63CBF76CD8 /* MediumService.m in Sources */,
				205BFDB358655EA90B5BF5AF /* TrackService.m in Sources */,
				205BF87DCACCECC7FFEA97B1 /* ReleaseDetailViewController.m in Sources */,
				62C5444D16ECF98A000BEFD5 /* Artist.m in Sources */,
			);
			runOnlyForDeploymentPostprocessing = 0;
		};
/* End PBXSourcesBuildPhase section */

/* Begin PBXVariantGroup section */
		6218A41D16E478170080271B /* CollectionViewController.xib */ = {
			isa = PBXVariantGroup;
			children = (
				6218A41E16E478170080271B /* en */,
			);
			name = CollectionViewController.xib;
			sourceTree = "<group>";
		};
		6218A41F16E478170080271B /* DonateViewController.xib */ = {
			isa = PBXVariantGroup;
			children = (
				6218A42016E478170080271B /* en */,
			);
			name = DonateViewController.xib;
			sourceTree = "<group>";
		};
		6218A42116E478170080271B /* InfoPlist.strings */ = {
			isa = PBXVariantGroup;
			children = (
				6218A42216E478170080271B /* en */,
			);
			name = InfoPlist.strings;
			sourceTree = "<group>";
		};
		6218A42316E478170080271B /* SearchViewController.xib */ = {
			isa = PBXVariantGroup;
			children = (
				6218A42416E478170080271B /* en */,
			);
			name = SearchViewController.xib;
			sourceTree = "<group>";
		};
		6218A50216E6809E0080271B /* ArtistDetailViewController.xib */ = {
			isa = PBXVariantGroup;
			children = (
				6218A50316E6809E0080271B /* en */,
			);
			name = ArtistDetailViewController.xib;
			sourceTree = "<group>";
		};
		6218A50D16E726340080271B /* Localizable.strings */ = {
			isa = PBXVariantGroup;
			children = (
				6218A50E16E726340080271B /* en */,
			);
			name = Localizable.strings;
			sourceTree = "<group>";
		};
/* End PBXVariantGroup section */

/* Begin XCBuildConfiguration section */
		6218A40116E46E880080271B /* Debug */ = {
			isa = XCBuildConfiguration;
			buildSettings = {
				ALWAYS_SEARCH_USER_PATHS = NO;
				CLANG_CXX_LANGUAGE_STANDARD = "gnu++0x";
				CLANG_CXX_LIBRARY = "libc++";
				CLANG_ENABLE_OBJC_ARC = YES;
				CLANG_WARN_CONSTANT_CONVERSION = YES;
				CLANG_WARN_EMPTY_BODY = YES;
				CLANG_WARN_ENUM_CONVERSION = YES;
				CLANG_WARN_INT_CONVERSION = YES;
				CLANG_WARN__DUPLICATE_METHOD_MATCH = YES;
				"CODE_SIGN_IDENTITY[sdk=iphoneos*]" = "iPhone Developer";
				COPY_PHASE_STRIP = NO;
				GCC_C_LANGUAGE_STANDARD = gnu99;
				GCC_DYNAMIC_NO_PIC = NO;
				GCC_OPTIMIZATION_LEVEL = 0;
				GCC_PREPROCESSOR_DEFINITIONS = (
					"DEBUG=1",
					"$(inherited)",
				);
				GCC_SYMBOLS_PRIVATE_EXTERN = NO;
				GCC_WARN_ABOUT_RETURN_TYPE = YES;
				GCC_WARN_UNINITIALIZED_AUTOS = YES;
				GCC_WARN_UNUSED_VARIABLE = YES;
				IPHONEOS_DEPLOYMENT_TARGET = 6.1;
				ONLY_ACTIVE_ARCH = YES;
				SDKROOT = iphoneos;
			};
			name = Debug;
		};
		6218A40216E46E880080271B /* Release */ = {
			isa = XCBuildConfiguration;
			buildSettings = {
				ALWAYS_SEARCH_USER_PATHS = NO;
				CLANG_CXX_LANGUAGE_STANDARD = "gnu++0x";
				CLANG_CXX_LIBRARY = "libc++";
				CLANG_ENABLE_OBJC_ARC = YES;
				CLANG_WARN_CONSTANT_CONVERSION = YES;
				CLANG_WARN_EMPTY_BODY = YES;
				CLANG_WARN_ENUM_CONVERSION = YES;
				CLANG_WARN_INT_CONVERSION = YES;
				CLANG_WARN__DUPLICATE_METHOD_MATCH = YES;
				"CODE_SIGN_IDENTITY[sdk=iphoneos*]" = "iPhone Developer";
				COPY_PHASE_STRIP = YES;
				GCC_C_LANGUAGE_STANDARD = gnu99;
				GCC_WARN_ABOUT_RETURN_TYPE = YES;
				GCC_WARN_UNINITIALIZED_AUTOS = YES;
				GCC_WARN_UNUSED_VARIABLE = YES;
				IPHONEOS_DEPLOYMENT_TARGET = 6.1;
				OTHER_CFLAGS = "-DNS_BLOCK_ASSERTIONS=1";
				SDKROOT = iphoneos;
				VALIDATE_PRODUCT = YES;
			};
			name = Release;
		};
		6218A40416E46E880080271B /* Debug */ = {
			isa = XCBuildConfiguration;
			buildSettings = {
				GCC_PRECOMPILE_PREFIX_HEADER = YES;
				GCC_PREFIX_HEADER = "MusicBrainz/MusicBrainz-Prefix.pch";
				INFOPLIST_FILE = "MusicBrainz/MusicBrainz-Info.plist";
				IPHONEOS_DEPLOYMENT_TARGET = 4.3;
				PRODUCT_NAME = "$(TARGET_NAME)";
				WRAPPER_EXTENSION = app;
			};
			name = Debug;
		};
		6218A40516E46E880080271B /* Release */ = {
			isa = XCBuildConfiguration;
			buildSettings = {
				GCC_PRECOMPILE_PREFIX_HEADER = YES;
				GCC_PREFIX_HEADER = "MusicBrainz/MusicBrainz-Prefix.pch";
				INFOPLIST_FILE = "MusicBrainz/MusicBrainz-Info.plist";
				IPHONEOS_DEPLOYMENT_TARGET = 4.3;
				PRODUCT_NAME = "$(TARGET_NAME)";
				WRAPPER_EXTENSION = app;
			};
			name = Release;
		};
/* End XCBuildConfiguration section */

/* Begin XCConfigurationList section */
		6218A3CD16E46E870080271B /* Build configuration list for PBXProject "MusicBrainz" */ = {
			isa = XCConfigurationList;
			buildConfigurations = (
				6218A40116E46E880080271B /* Debug */,
				6218A40216E46E880080271B /* Release */,
			);
			defaultConfigurationIsVisible = 0;
			defaultConfigurationName = Release;
		};
		6218A40316E46E880080271B /* Build configuration list for PBXNativeTarget "MusicBrainz" */ = {
			isa = XCConfigurationList;
			buildConfigurations = (
				6218A40416E46E880080271B /* Debug */,
				6218A40516E46E880080271B /* Release */,
			);
			defaultConfigurationIsVisible = 0;
			defaultConfigurationName = Release;
		};
/* End XCConfigurationList section */
	};
	rootObject = 6218A3CA16E46E870080271B /* Project object */;
}
